{
  "name": "@korya/min-circleci-setup",
  "version": "1.0.0",
  "lockfileVersion": 2,
  "requires": true,
  "packages": {
    "": {
      "name": "@korya/min-circleci-setup",
      "version": "1.0.0",
      "license": "ISC",
      "workspaces": [
        "./packages/*"
      ]
    },
    "node_modules/@korya/sub-project": {
      "resolved": "packages/sub-project",
      "link": true
    },
    "packages/sub-project": {
      "name": "@korya/sub-project",
      "version": "1.0.0",
      "license": "ISC"
    }
  },
  "dependencies": {
    "@korya/sub-project": {
      "version": "file:packages/sub-project"
    }
  }
}
